<?xml version="1.0" encoding="utf-8"?>
<Project ToolsVersion="4.0" xmlns="http://schemas.microsoft.com/developer/msbuild/2003">
  <ItemGroup>
    <Filter Include="Source Files">
      <UniqueIdentifier>{4FC737F1-C7A5-4376-A066-2A32D752A2FF}</UniqueIdentifier>
      <Extensions>cpp;c;cc;cxx;c++;cppm;ixx;def;odl;idl;hpj;bat;asm;asmx</Extensions>
    </Filter>
    <Filter Include="Header Files">
      <UniqueIdentifier>{93995380-89BD-4b04-88EB-625FBE52EBFB}</UniqueIdentifier>
      <Extensions>h;hh;hpp;hxx;h++;hm;inl;inc;ipp;xsd</Extensions>
    </Filter>
    <Filter Include="Resource Files">
      <UniqueIdentifier>{67DA6AB6-F800-4c08-8B7A-83BB121AAD01}</UniqueIdentifier>
      <Extensions>rc;ico;cur;bmp;dlg;rc2;rct;bin;rgs;gif;jpg;jpeg;jpe;resx;tiff;tif;png;wav;mfcribbon-ms</Extensions>
    </Filter>
    <Filter Include="Engine">
      <UniqueIdentifier>{531905d1-3403-4c15-bfb5-45a32380cf19}</UniqueIdentifier>
    </Filter>
    <Filter Include="Enums">
      <UniqueIdentifier>{3116344a-a68b-4579-acfa-c7633226d688}</UniqueIdentifier>
    </Filter>
    <Filter Include="GameModes">
      <UniqueIdentifier>{a55fa654-15a7-489e-811a-9c31adf4e1ca}</UniqueIdentifier>
    </Filter>
    <Filter Include="Equipment">
      <UniqueIdentifier>{4357e923-9b16-40eb-a9c8-4192afcfbb61}</UniqueIdentifier>
    </Filter>
    <Filter Include="Consumables">
      <UniqueIdentifier>{5045805e-af54-451e-ae4b-5e2a94d79093}</UniqueIdentifier>
    </Filter>
    <Filter Include="SaveFiles">
      <UniqueIdentifier>{3df0a50e-ef20-42c0-bf55-e53fdcfb812b}</UniqueIdentifier>
    </Filter>
  </ItemGroup>
  <ItemGroup>
    <ClCompile Include="src\engine.cpp">
      <Filter>Engine</Filter>
    </ClCompile>
    <ClCompile Include="src\olcConsoleGameEngine.cpp">
      <Filter>Engine</Filter>
    </ClCompile>
    <ClCompile Include="src\GMBase.cpp">
      <Filter>GameModes</Filter>
    </ClCompile>
    <ClCompile Include="src\GMGameMenu.cpp">
      <Filter>GameModes</Filter>
    </ClCompile>
    <ClCompile Include="src\GMMainMenu.cpp">
      <Filter>GameModes</Filter>
    </ClCompile>
    <ClCompile Include="src\Abilities.cpp">
      <Filter>Source Files</Filter>
    </ClCompile>
    <ClCompile Include="src\BadList.cpp">
      <Filter>Source Files</Filter>
    </ClCompile>
    <ClCompile Include="src\bandages.cpp">
      <Filter>Source Files</Filter>
    </ClCompile>
    <ClCompile Include="src\Basher.cpp">
      <Filter>Source Files</Filter>
    </ClCompile>
    <ClCompile Include="src\bomb.cpp">
      <Filter>Source Files</Filter>
    </ClCompile>
    <ClCompile Include="src\boots.cpp">
      <Filter>Source Files</Filter>
    </ClCompile>
    <ClCompile Include="src\buffs.cpp">
      <Filter>Source Files</Filter>
    </ClCompile>
    <ClCompile Include="src\building.cpp">
      <Filter>Source Files</Filter>
    </ClCompile>
    <ClCompile Include="src\chest.cpp">
      <Filter>Source Files</Filter>
    </ClCompile>
    <ClCompile Include="src\constructions.cpp">
      <Filter>Source Files</Filter>
    </ClCompile>
    <ClCompile Include="src\consumables.cpp">
      <Filter>Source Files</Filter>
    </ClCompile>
    <ClCompile Include="src\Crasher.cpp">
      <Filter>Source Files</Filter>
    </ClCompile>
    <ClCompile Include="src\DeBuff.cpp">
      <Filter>Source Files</Filter>
    </ClCompile>
    <ClCompile Include="src\DialogBox.cpp">
      <Filter>Source Files</Filter>
    </ClCompile>
    <ClCompile Include="src\Equip.cpp">
      <Filter>Source Files</Filter>
    </ClCompile>
    <ClCompile Include="src\equipment.cpp">
      <Filter>Source Files</Filter>
    </ClCompile>
    <ClCompile Include="src\event.cpp">
      <Filter>Source Files</Filter>
    </ClCompile>
    <ClCompile Include="src\events_list.cpp">
      <Filter>Source Files</Filter>
    </ClCompile>
    <ClCompile Include="src\Farmer.cpp">
      <Filter>Source Files</Filter>
    </ClCompile>
    <ClCompile Include="src\farmerAnimation.cpp">
      <Filter>Source Files</Filter>
    </ClCompile>
    <ClCompile Include="src\field.cpp">
      <Filter>Source Files</Filter>
    </ClCompile>
    <ClCompile Include="src\Ghoul.cpp">
      <Filter>Source Files</Filter>
    </ClCompile>
    <ClCompile Include="src\gloves.cpp">
      <Filter>Source Files</Filter>
    </ClCompile>
    <ClCompile Include="src\GoodList.cpp">
      <Filter>Source Files</Filter>
    </ClCompile>
    <ClCompile Include="src\grenade.cpp">
      <Filter>Source Files</Filter>
    </ClCompile>
    <ClCompile Include="src\Healer.cpp">
      <Filter>Source Files</Filter>
    </ClCompile>
    <ClCompile Include="src\helmet.cpp">
      <Filter>Source Files</Filter>
    </ClCompile>
    <ClCompile Include="src\Horde.cpp">
      <Filter>Source Files</Filter>
    </ClCompile>
    <ClCompile Include="src\Inventory.cpp">
      <Filter>Source Files</Filter>
    </ClCompile>
    <ClCompile Include="src\item.cpp">
      <Filter>Source Files</Filter>
    </ClCompile>
    <ClCompile Include="src\ItemLoader.cpp">
      <Filter>Source Files</Filter>
    </ClCompile>
    <ClCompile Include="src\kit.cpp">
      <Filter>Source Files</Filter>
    </ClCompile>
    <ClCompile Include="src\Leaper.cpp">
      <Filter>Source Files</Filter>
    </ClCompile>
    <ClCompile Include="src\Lurker.cpp">
      <Filter>Source Files</Filter>
    </ClCompile>
    <ClCompile Include="src\main.cpp">
      <Filter>Source Files</Filter>
    </ClCompile>
    <ClCompile Include="src\Node.cpp">
      <Filter>Source Files</Filter>
    </ClCompile>
    <ClCompile Include="src\parts.cpp">
      <Filter>Source Files</Filter>
    </ClCompile>
    <ClCompile Include="src\Party.cpp">
      <Filter>Source Files</Filter>
    </ClCompile>
    <ClCompile Include="src\plant.cpp">
      <Filter>Source Files</Filter>
    </ClCompile>
    <ClCompile Include="src\potion.cpp">
      <Filter>Source Files</Filter>
    </ClCompile>
    <ClCompile Include="src\ProgressMenu.cpp">
      <Filter>Source Files</Filter>
    </ClCompile>
    <ClCompile Include="src\ptime.cpp">
      <Filter>Source Files</Filter>
    </ClCompile>
    <ClCompile Include="src\resources.cpp">
      <Filter>Source Files</Filter>
    </ClCompile>
    <ClCompile Include="src\revive.cpp">
      <Filter>Source Files</Filter>
    </ClCompile>
    <ClCompile Include="src\Scheme.cpp">
      <Filter>Source Files</Filter>
    </ClCompile>
    <ClCompile Include="src\SchemeBook.cpp">
      <Filter>Source Files</Filter>
    </ClCompile>
    <ClCompile Include="src\SideMenu.cpp">
      <Filter>Source Files</Filter>
    </ClCompile>
    <ClCompile Include="src\Skills.cpp">
      <Filter>Source Files</Filter>
    </ClCompile>
    <ClCompile Include="src\Sniper.cpp">
      <Filter>Source Files</Filter>
    </ClCompile>
    <ClCompile Include="src\Solder.cpp">
      <Filter>Source Files</Filter>
    </ClCompile>
    <ClCompile Include="src\str.cpp">
      <Filter>Source Files</Filter>
    </ClCompile>
    <ClCompile Include="src\Tank.cpp">
      <Filter>Source Files</Filter>
    </ClCompile>
    <ClCompile Include="src\Unit.cpp">
      <Filter>Source Files</Filter>
    </ClCompile>
    <ClCompile Include="src\UpGrade.cpp">
      <Filter>Source Files</Filter>
    </ClCompile>
    <ClCompile Include="src\Walker.cpp">
      <Filter>Source Files</Filter>
    </ClCompile>
    <ClCompile Include="src\weapon.cpp">
      <Filter>Source Files</Filter>
    </ClCompile>
    <ClCompile Include="src\work.cpp">
      <Filter>Source Files</Filter>
    </ClCompile>
    <ClCompile Include="src\Zombie.cpp">
      <Filter>Source Files</Filter>
    </ClCompile>
  </ItemGroup>
  <ItemGroup>
    <ClInclude Include="src\Abilities.h">
      <Filter>Header Files</Filter>
    </ClInclude>
    <ClInclude Include="src\BadList.h">
      <Filter>Header Files</Filter>
    </ClInclude>
    <ClInclude Include="src\bandages.h">
      <Filter>Header Files</Filter>
    </ClInclude>
    <ClInclude Include="src\Basher.h">
      <Filter>Header Files</Filter>
    </ClInclude>
    <ClInclude Include="src\bomb.h">
      <Filter>Header Files</Filter>
    </ClInclude>
    <ClInclude Include="src\boots.h">
      <Filter>Header Files</Filter>
    </ClInclude>
    <ClInclude Include="src\buffs.h">
      <Filter>Header Files</Filter>
    </ClInclude>
    <ClInclude Include="src\building.h">
      <Filter>Header Files</Filter>
    </ClInclude>
    <ClInclude Include="src\buildings.h">
      <Filter>Header Files</Filter>
    </ClInclude>
    <ClInclude Include="src\chest.h">
      <Filter>Header Files</Filter>
    </ClInclude>
    <ClInclude Include="src\constructions.h">
      <Filter>Header Files</Filter>
    </ClInclude>
    <ClInclude Include="src\consumables.h">
      <Filter>Header Files</Filter>
    </ClInclude>
    <ClInclude Include="src\Crasher.h">
      <Filter>Header Files</Filter>
    </ClInclude>
    <ClInclude Include="src\DeBuff.h">
      <Filter>Header Files</Filter>
    </ClInclude>
    <ClInclude Include="src\DialogBox.h">
      <Filter>Header Files</Filter>
    </ClInclude>
    <ClInclude Include="src\Equip.h">
      <Filter>Header Files</Filter>
    </ClInclude>
    <ClInclude Include="src\equipment.h">
      <Filter>Header Files</Filter>
    </ClInclude>
    <ClInclude Include="src\event.h">
      <Filter>Header Files</Filter>
    </ClInclude>
    <ClInclude Include="src\events_list.h">
      <Filter>Header Files</Filter>
    </ClInclude>
    <ClInclude Include="src\Farmer.h">
      <Filter>Header Files</Filter>
    </ClInclude>
    <ClInclude Include="src\farmerAnimation.h">
      <Filter>Header Files</Filter>
    </ClInclude>
    <ClInclude Include="src\field.h">
      <Filter>Header Files</Filter>
    </ClInclude>
    <ClInclude Include="src\Ghoul.h">
      <Filter>Header Files</Filter>
    </ClInclude>
    <ClInclude Include="src\gloves.h">
      <Filter>Header Files</Filter>
    </ClInclude>
    <ClInclude Include="src\GoodList.h">
      <Filter>Header Files</Filter>
    </ClInclude>
    <ClInclude Include="src\grenade.h">
      <Filter>Header Files</Filter>
    </ClInclude>
    <ClInclude Include="src\Healer.h">
      <Filter>Header Files</Filter>
    </ClInclude>
    <ClInclude Include="src\helmet.h">
      <Filter>Header Files</Filter>
    </ClInclude>
    <ClInclude Include="src\Horde.h">
      <Filter>Header Files</Filter>
    </ClInclude>
    <ClInclude Include="src\Inventory.h">
      <Filter>Header Files</Filter>
    </ClInclude>
    <ClInclude Include="src\item.h">
      <Filter>Header Files</Filter>
    </ClInclude>
    <ClInclude Include="src\ItemLoader.h">
      <Filter>Header Files</Filter>
    </ClInclude>
    <ClInclude Include="src\ItemTypes.h">
      <Filter>Header Files</Filter>
    </ClInclude>
    <ClInclude Include="src\jobs.h">
      <Filter>Header Files</Filter>
    </ClInclude>
    <ClInclude Include="src\keys.h">
      <Filter>Header Files</Filter>
    </ClInclude>
    <ClInclude Include="src\kit.h">
      <Filter>Header Files</Filter>
    </ClInclude>
    <ClInclude Include="src\Leaper.h">
      <Filter>Header Files</Filter>
    </ClInclude>
    <ClInclude Include="src\Lurker.h">
      <Filter>Header Files</Filter>
    </ClInclude>
    <ClInclude Include="src\Node.h">
      <Filter>Header Files</Filter>
    </ClInclude>
    <ClInclude Include="src\Options.h">
      <Filter>Header Files</Filter>
    </ClInclude>
    <ClInclude Include="src\parts.h">
      <Filter>Header Files</Filter>
    </ClInclude>
    <ClInclude Include="src\Party.h">
      <Filter>Header Files</Filter>
    </ClInclude>
    <ClInclude Include="src\plant.h">
      <Filter>Header Files</Filter>
    </ClInclude>
    <ClInclude Include="src\plants.h">
      <Filter>Header Files</Filter>
    </ClInclude>
    <ClInclude Include="src\potion.h">
      <Filter>Header Files</Filter>
    </ClInclude>
    <ClInclude Include="src\ProgressMenu.h">
      <Filter>Header Files</Filter>
    </ClInclude>
    <ClInclude Include="src\ptime.h">
      <Filter>Header Files</Filter>
    </ClInclude>
    <ClInclude Include="src\resources.h">
      <Filter>Header Files</Filter>
    </ClInclude>
    <ClInclude Include="src\revive.h">
      <Filter>Header Files</Filter>
    </ClInclude>
    <ClInclude Include="src\Scheme.h">
      <Filter>Header Files</Filter>
    </ClInclude>
    <ClInclude Include="src\SchemeBook.hpp">
      <Filter>Header Files</Filter>
    </ClInclude>
    <ClInclude Include="src\screen.h">
      <Filter>Header Files</Filter>
    </ClInclude>
    <ClInclude Include="src\Shop.h">
      <Filter>Header Files</Filter>
    </ClInclude>
    <ClInclude Include="src\SideMenu.h">
      <Filter>Header Files</Filter>
    </ClInclude>
    <ClInclude Include="src\Skills.h">
      <Filter>Header Files</Filter>
    </ClInclude>
    <ClInclude Include="src\Sniper.h">
      <Filter>Header Files</Filter>
    </ClInclude>
    <ClInclude Include="src\Solder.h">
      <Filter>Header Files</Filter>
    </ClInclude>
    <ClInclude Include="src\str.h">
      <Filter>Header Files</Filter>
    </ClInclude>
    <ClInclude Include="src\talents.h">
      <Filter>Header Files</Filter>
    </ClInclude>
    <ClInclude Include="src\Tank.h">
      <Filter>Header Files</Filter>
    </ClInclude>
    <ClInclude Include="src\texts_1.h">
      <Filter>Header Files</Filter>
    </ClInclude>
    <ClInclude Include="src\titles.h">
      <Filter>Header Files</Filter>
    </ClInclude>
    <ClInclude Include="src\Unit.h">
      <Filter>Header Files</Filter>
    </ClInclude>
    <ClInclude Include="src\UpGrade.h">
      <Filter>Header Files</Filter>
    </ClInclude>
    <ClInclude Include="src\Walker.h">
      <Filter>Header Files</Filter>
    </ClInclude>
    <ClInclude Include="src\weapon.h">
      <Filter>Header Files</Filter>
    </ClInclude>
    <ClInclude Include="src\work.h">
      <Filter>Header Files</Filter>
    </ClInclude>
    <ClInclude Include="src\Zombie.h">
      <Filter>Header Files</Filter>
    </ClInclude>
    <ClInclude Include="src\eControls.h">
      <Filter>Enums</Filter>
    </ClInclude>
    <ClInclude Include="src\eMainMenuSelection.h">
      <Filter>Enums</Filter>
    </ClInclude>
    <ClInclude Include="src\eSkipTo.h">
      <Filter>Enums</Filter>
    </ClInclude>
    <ClInclude Include="src\engine.h">
      <Filter>Engine</Filter>
    </ClInclude>
    <ClInclude Include="src\olcConsoleGameEngine.h">
      <Filter>Engine</Filter>
    </ClInclude>
    <ClInclude Include="src\GMBase.h">
      <Filter>GameModes</Filter>
    </ClInclude>
    <ClInclude Include="src\GMGameMenu.h">
      <Filter>GameModes</Filter>
    </ClInclude>
    <ClInclude Include="src\GMMainMenu.h">
      <Filter>GameModes</Filter>
    </ClInclude>
    <ClInclude Include="src\eColors.h">
      <Filter>Enums</Filter>
    </ClInclude>
    <ClInclude Include="src\eMainMenuManipulators.h">
      <Filter>Header Files</Filter>
    </ClInclude>
  </ItemGroup>
  <ItemGroup>
    <Text Include="Equipment\Boots.txt">
      <Filter>Equipment</Filter>
    </Text>
    <Text Include="Equipment\Chests.txt">
      <Filter>Equipment</Filter>
    </Text>
    <Text Include="Equipment\Gloves.txt">
      <Filter>Equipment</Filter>
    </Text>
    <Text Include="Equipment\Helmets.txt">
      <Filter>Equipment</Filter>
    </Text>
    <Text Include="Equipment\Weapons.txt">
      <Filter>Equipment</Filter>
    </Text>
    <Text Include="Consumables\Bandages.txt">
      <Filter>Consumables</Filter>
    </Text>
    <Text Include="Consumables\Bomb.txt">
      <Filter>Consumables</Filter>
    </Text>
    <Text Include="Consumables\Grenade.txt">
      <Filter>Consumables</Filter>
    </Text>
    <Text Include="Consumables\Kit.txt">
      <Filter>Consumables</Filter>
    </Text>
    <Text Include="Consumables\Potion.txt">
      <Filter>Consumables</Filter>
    </Text>
    <Text Include="Consumables\Revive.txt">
      <Filter>Consumables</Filter>
    </Text>
    <Text Include="Saves\Equipment.txt">
      <Filter>SaveFiles</Filter>
    </Text>
    <Text Include="Saves\Eve.txt">
      <Filter>SaveFiles</Filter>
    </Text>
    <Text Include="Saves\Inventory.txt">
      <Filter>SaveFiles</Filter>
    </Text>
    <Text Include="Saves\Save.txt">
      <Filter>SaveFiles</Filter>
    </Text>
    <Text Include="Saves\Units.txt">
      <Filter>SaveFiles</Filter>
    </Text>
  </ItemGroup>
</Project>