<?xml version="1.0" encoding="utf-8"?>
<Project ToolsVersion="4.0" xmlns="http://schemas.microsoft.com/developer/msbuild/2003">
  <ItemGroup>
    <Filter Include="Source Files">
      <UniqueIdentifier>{4FC737F1-C7A5-4376-A066-2A32D752A2FF}</UniqueIdentifier>
      <Extensions>cpp;c;cc;cxx;c++;cppm;ixx;def;odl;idl;hpj;bat;asm;asmx</Extensions>
    </Filter>
    <Filter Include="Header Files">
      <UniqueIdentifier>{93995380-89BD-4b04-88EB-625FBE52EBFB}</UniqueIdentifier>
      <Extensions>h;hh;hpp;hxx;h++;hm;inl;inc;ipp;xsd</Extensions>
    </Filter>
    <Filter Include="Resource Files">
      <UniqueIdentifier>{67DA6AB6-F800-4c08-8B7A-83BB121AAD01}</UniqueIdentifier>
      <Extensions>rc;ico;cur;bmp;dlg;rc2;rct;bin;rgs;gif;jpg;jpeg;jpe;resx;tiff;tif;png;wav;mfcribbon-ms</Extensions>
    </Filter>
    <Filter Include="Engine">
      <UniqueIdentifier>{531905d1-3403-4c15-bfb5-45a32380cf19}</UniqueIdentifier>
    </Filter>
    <Filter Include="Enums">
      <UniqueIdentifier>{3116344a-a68b-4579-acfa-c7633226d688}</UniqueIdentifier>
    </Filter>
    <Filter Include="GameModes">
      <UniqueIdentifier>{a55fa654-15a7-489e-811a-9c31adf4e1ca}</UniqueIdentifier>
    </Filter>
    <Filter Include="Equipment">
      <UniqueIdentifier>{4357e923-9b16-40eb-a9c8-4192afcfbb61}</UniqueIdentifier>
    </Filter>
    <Filter Include="Consumables">
      <UniqueIdentifier>{5045805e-af54-451e-ae4b-5e2a94d79093}</UniqueIdentifier>
    </Filter>
    <Filter Include="SaveFiles">
      <UniqueIdentifier>{3df0a50e-ef20-42c0-bf55-e53fdcfb812b}</UniqueIdentifier>
    </Filter>
  </ItemGroup>
  <ItemGroup>
    <ClCompile Include="engine.cpp">
      <Filter>Engine</Filter>
    </ClCompile>
    <ClCompile Include="GMBase.cpp">
      <Filter>GameModes</Filter>
    </ClCompile>
    <ClCompile Include="GMMainMenu.cpp">
      <Filter>GameModes</Filter>
    </ClCompile>
    <ClCompile Include="GMGameMenu.cpp">
      <Filter>GameModes</Filter>
    </ClCompile>
    <ClCompile Include="main.cpp">
      <Filter>Source Files</Filter>
    </ClCompile>
    <ClCompile Include="eMainMenuSelection.h">
      <Filter>Enums</Filter>
    </ClCompile>
    <ClCompile Include="Abilities.cpp">
      <Filter>Source Files</Filter>
    </ClCompile>
    <ClCompile Include="farmerAnimation.cpp">
      <Filter>Source Files</Filter>
    </ClCompile>
    <ClCompile Include="BadList.cpp">
      <Filter>Source Files</Filter>
    </ClCompile>
    <ClCompile Include="bandages.cpp">
      <Filter>Source Files</Filter>
    </ClCompile>
    <ClCompile Include="Basher.cpp">
      <Filter>Source Files</Filter>
    </ClCompile>
    <ClCompile Include="bomb.cpp">
      <Filter>Source Files</Filter>
    </ClCompile>
    <ClCompile Include="boots.cpp">
      <Filter>Source Files</Filter>
    </ClCompile>
    <ClCompile Include="buffs.cpp">
      <Filter>Source Files</Filter>
    </ClCompile>
    <ClCompile Include="building.cpp">
      <Filter>Source Files</Filter>
    </ClCompile>
    <ClCompile Include="chest.cpp">
      <Filter>Source Files</Filter>
    </ClCompile>
    <ClCompile Include="constructions.cpp">
      <Filter>Source Files</Filter>
    </ClCompile>
    <ClCompile Include="consumables.cpp">
      <Filter>Source Files</Filter>
    </ClCompile>
    <ClCompile Include="Crasher.cpp">
      <Filter>Source Files</Filter>
    </ClCompile>
    <ClCompile Include="DeBuff.cpp">
      <Filter>Source Files</Filter>
    </ClCompile>
    <ClCompile Include="DialogBox.cpp">
      <Filter>Source Files</Filter>
    </ClCompile>
    <ClCompile Include="Equip.cpp">
      <Filter>Source Files</Filter>
    </ClCompile>
    <ClCompile Include="equipment.cpp">
      <Filter>Source Files</Filter>
    </ClCompile>
    <ClCompile Include="event.cpp">
      <Filter>Source Files</Filter>
    </ClCompile>
    <ClCompile Include="events_list.cpp">
      <Filter>Source Files</Filter>
    </ClCompile>
    <ClCompile Include="Farmer.cpp">
      <Filter>Source Files</Filter>
    </ClCompile>
    <ClCompile Include="field.cpp">
      <Filter>Source Files</Filter>
    </ClCompile>
    <ClCompile Include="Ghoul.cpp">
      <Filter>Source Files</Filter>
    </ClCompile>
    <ClCompile Include="gloves.cpp">
      <Filter>Source Files</Filter>
    </ClCompile>
    <ClCompile Include="GoodList.cpp">
      <Filter>Source Files</Filter>
    </ClCompile>
    <ClCompile Include="grenade.cpp">
      <Filter>Source Files</Filter>
    </ClCompile>
    <ClCompile Include="Healer.cpp">
      <Filter>Source Files</Filter>
    </ClCompile>
    <ClCompile Include="helmet.cpp">
      <Filter>Source Files</Filter>
    </ClCompile>
    <ClCompile Include="Horde.cpp">
      <Filter>Source Files</Filter>
    </ClCompile>
    <ClCompile Include="Inventory.cpp">
      <Filter>Source Files</Filter>
    </ClCompile>
    <ClCompile Include="item.cpp">
      <Filter>Source Files</Filter>
    </ClCompile>
    <ClCompile Include="ItemLoader.cpp">
      <Filter>Source Files</Filter>
    </ClCompile>
    <ClCompile Include="kit.cpp">
      <Filter>Source Files</Filter>
    </ClCompile>
    <ClCompile Include="Leaper.cpp">
      <Filter>Source Files</Filter>
    </ClCompile>
    <ClCompile Include="Lurker.cpp">
      <Filter>Source Files</Filter>
    </ClCompile>
    <ClCompile Include="Node.cpp">
      <Filter>Source Files</Filter>
    </ClCompile>
    <ClCompile Include="parts.cpp">
      <Filter>Source Files</Filter>
    </ClCompile>
    <ClCompile Include="Party.cpp">
      <Filter>Source Files</Filter>
    </ClCompile>
    <ClCompile Include="plant.cpp">
      <Filter>Source Files</Filter>
    </ClCompile>
    <ClCompile Include="potion.cpp">
      <Filter>Source Files</Filter>
    </ClCompile>
    <ClCompile Include="ProgressMenu.cpp">
      <Filter>Source Files</Filter>
    </ClCompile>
    <ClCompile Include="ptime.cpp">
      <Filter>Source Files</Filter>
    </ClCompile>
    <ClCompile Include="resources.cpp">
      <Filter>Source Files</Filter>
    </ClCompile>
    <ClCompile Include="revive.cpp">
      <Filter>Source Files</Filter>
    </ClCompile>
    <ClCompile Include="Scheme.cpp">
      <Filter>Source Files</Filter>
    </ClCompile>
    <ClCompile Include="SchemeBook.cpp">
      <Filter>Source Files</Filter>
    </ClCompile>
    <ClCompile Include="SideMenu.cpp">
      <Filter>Source Files</Filter>
    </ClCompile>
    <ClCompile Include="Skills.cpp">
      <Filter>Source Files</Filter>
    </ClCompile>
    <ClCompile Include="Sniper.cpp">
      <Filter>Source Files</Filter>
    </ClCompile>
    <ClCompile Include="Solder.cpp">
      <Filter>Source Files</Filter>
    </ClCompile>
    <ClCompile Include="str.cpp">
      <Filter>Source Files</Filter>
    </ClCompile>
    <ClCompile Include="Tank.cpp">
      <Filter>Source Files</Filter>
    </ClCompile>
    <ClCompile Include="Unit.cpp">
      <Filter>Source Files</Filter>
    </ClCompile>
    <ClCompile Include="UpGrade.cpp">
      <Filter>Source Files</Filter>
    </ClCompile>
    <ClCompile Include="Walker.cpp">
      <Filter>Source Files</Filter>
    </ClCompile>
    <ClCompile Include="weapon.cpp">
      <Filter>Source Files</Filter>
    </ClCompile>
    <ClCompile Include="work.cpp">
      <Filter>Source Files</Filter>
    </ClCompile>
    <ClCompile Include="Zombie.cpp">
      <Filter>Source Files</Filter>
    </ClCompile>
    <ClCompile Include="olcConsoleGameEngine.cpp">
      <Filter>Engine</Filter>
    </ClCompile>
  </ItemGroup>
  <ItemGroup>
    <ClInclude Include="olcConsoleGameEngine.h">
      <Filter>Engine</Filter>
    </ClInclude>
    <ClInclude Include="engine.h">
      <Filter>Engine</Filter>
    </ClInclude>
    <ClInclude Include="GMBase.h">
      <Filter>GameModes</Filter>
    </ClInclude>
    <ClInclude Include="GMMainMenu.h">
      <Filter>GameModes</Filter>
    </ClInclude>
    <ClInclude Include="GMGameMenu.h">
      <Filter>GameModes</Filter>
    </ClInclude>
    <ClInclude Include="eControls.h">
      <Filter>Enums</Filter>
    </ClInclude>
    <ClInclude Include="Abilities.h">
      <Filter>Header Files</Filter>
    </ClInclude>
    <ClInclude Include="farmerAnimation.h">
      <Filter>Header Files</Filter>
    </ClInclude>
    <ClInclude Include="BadList.h">
      <Filter>Header Files</Filter>
    </ClInclude>
    <ClInclude Include="bandages.h">
      <Filter>Header Files</Filter>
    </ClInclude>
    <ClInclude Include="Basher.h">
      <Filter>Header Files</Filter>
    </ClInclude>
    <ClInclude Include="bomb.h">
      <Filter>Header Files</Filter>
    </ClInclude>
    <ClInclude Include="boots.h">
      <Filter>Header Files</Filter>
    </ClInclude>
    <ClInclude Include="buffs.h">
      <Filter>Header Files</Filter>
    </ClInclude>
    <ClInclude Include="building.h">
      <Filter>Header Files</Filter>
    </ClInclude>
    <ClInclude Include="buildings.h">
      <Filter>Header Files</Filter>
    </ClInclude>
    <ClInclude Include="chest.h">
      <Filter>Header Files</Filter>
    </ClInclude>
    <ClInclude Include="constructions.h">
      <Filter>Header Files</Filter>
    </ClInclude>
    <ClInclude Include="consumables.h">
      <Filter>Header Files</Filter>
    </ClInclude>
    <ClInclude Include="Crasher.h">
      <Filter>Header Files</Filter>
    </ClInclude>
    <ClInclude Include="DeBuff.h">
      <Filter>Header Files</Filter>
    </ClInclude>
    <ClInclude Include="DialogBox.h">
      <Filter>Header Files</Filter>
    </ClInclude>
    <ClInclude Include="eColors.h">
      <Filter>Header Files</Filter>
    </ClInclude>
    <ClInclude Include="Equip.h">
      <Filter>Header Files</Filter>
    </ClInclude>
    <ClInclude Include="equipment.h">
      <Filter>Header Files</Filter>
    </ClInclude>
    <ClInclude Include="event.h">
      <Filter>Header Files</Filter>
    </ClInclude>
    <ClInclude Include="events_list.h">
      <Filter>Header Files</Filter>
    </ClInclude>
    <ClInclude Include="Farmer.h">
      <Filter>Header Files</Filter>
    </ClInclude>
    <ClInclude Include="field.h">
      <Filter>Header Files</Filter>
    </ClInclude>
    <ClInclude Include="Ghoul.h">
      <Filter>Header Files</Filter>
    </ClInclude>
    <ClInclude Include="gloves.h">
      <Filter>Header Files</Filter>
    </ClInclude>
    <ClInclude Include="GoodList.h">
      <Filter>Header Files</Filter>
    </ClInclude>
    <ClInclude Include="grenade.h">
      <Filter>Header Files</Filter>
    </ClInclude>
    <ClInclude Include="Healer.h">
      <Filter>Header Files</Filter>
    </ClInclude>
    <ClInclude Include="helmet.h">
      <Filter>Header Files</Filter>
    </ClInclude>
    <ClInclude Include="Horde.h">
      <Filter>Header Files</Filter>
    </ClInclude>
    <ClInclude Include="Inventory.h">
      <Filter>Header Files</Filter>
    </ClInclude>
    <ClInclude Include="item.h">
      <Filter>Header Files</Filter>
    </ClInclude>
    <ClInclude Include="ItemLoader.h">
      <Filter>Header Files</Filter>
    </ClInclude>
    <ClInclude Include="ItemTypes.h">
      <Filter>Header Files</Filter>
    </ClInclude>
    <ClInclude Include="jobs.h">
      <Filter>Header Files</Filter>
    </ClInclude>
    <ClInclude Include="keys.h">
      <Filter>Header Files</Filter>
    </ClInclude>
    <ClInclude Include="kit.h">
      <Filter>Header Files</Filter>
    </ClInclude>
    <ClInclude Include="Leaper.h">
      <Filter>Header Files</Filter>
    </ClInclude>
    <ClInclude Include="Lurker.h">
      <Filter>Header Files</Filter>
    </ClInclude>
    <ClInclude Include="Node.h">
      <Filter>Header Files</Filter>
    </ClInclude>
    <ClInclude Include="Options.h">
      <Filter>Header Files</Filter>
    </ClInclude>
    <ClInclude Include="parts.h">
      <Filter>Header Files</Filter>
    </ClInclude>
    <ClInclude Include="Party.h">
      <Filter>Header Files</Filter>
    </ClInclude>
    <ClInclude Include="plant.h">
      <Filter>Header Files</Filter>
    </ClInclude>
    <ClInclude Include="plants.h">
      <Filter>Header Files</Filter>
    </ClInclude>
    <ClInclude Include="potion.h">
      <Filter>Header Files</Filter>
    </ClInclude>
    <ClInclude Include="ProgressMenu.h">
      <Filter>Header Files</Filter>
    </ClInclude>
    <ClInclude Include="ptime.h">
      <Filter>Header Files</Filter>
    </ClInclude>
    <ClInclude Include="resources.h">
      <Filter>Header Files</Filter>
    </ClInclude>
    <ClInclude Include="revive.h">
      <Filter>Header Files</Filter>
    </ClInclude>
    <ClInclude Include="Scheme.h">
      <Filter>Header Files</Filter>
    </ClInclude>
    <ClInclude Include="SchemeBook.hpp">
      <Filter>Header Files</Filter>
    </ClInclude>
    <ClInclude Include="screen.h">
      <Filter>Header Files</Filter>
    </ClInclude>
    <ClInclude Include="Shop.h">
      <Filter>Header Files</Filter>
    </ClInclude>
    <ClInclude Include="SideMenu.h">
      <Filter>Header Files</Filter>
    </ClInclude>
    <ClInclude Include="Skills.h">
      <Filter>Header Files</Filter>
    </ClInclude>
    <ClInclude Include="Sniper.h">
      <Filter>Header Files</Filter>
    </ClInclude>
    <ClInclude Include="Solder.h">
      <Filter>Header Files</Filter>
    </ClInclude>
    <ClInclude Include="str.h">
      <Filter>Header Files</Filter>
    </ClInclude>
    <ClInclude Include="talents.h">
      <Filter>Header Files</Filter>
    </ClInclude>
    <ClInclude Include="Tank.h">
      <Filter>Header Files</Filter>
    </ClInclude>
    <ClInclude Include="texts_1.h">
      <Filter>Header Files</Filter>
    </ClInclude>
    <ClInclude Include="titles.h">
      <Filter>Header Files</Filter>
    </ClInclude>
    <ClInclude Include="Unit.h">
      <Filter>Header Files</Filter>
    </ClInclude>
    <ClInclude Include="UpGrade.h">
      <Filter>Header Files</Filter>
    </ClInclude>
    <ClInclude Include="Walker.h">
      <Filter>Header Files</Filter>
    </ClInclude>
    <ClInclude Include="weapon.h">
      <Filter>Header Files</Filter>
    </ClInclude>
    <ClInclude Include="work.h">
      <Filter>Header Files</Filter>
    </ClInclude>
    <ClInclude Include="Zombie.h">
      <Filter>Header Files</Filter>
    </ClInclude>
    <ClInclude Include="eSkipTo.h">
      <Filter>Enums</Filter>
    </ClInclude>
  </ItemGroup>
  <ItemGroup>
    <Text Include="Equipment\Boots.txt">
      <Filter>Equipment</Filter>
    </Text>
    <Text Include="Equipment\Chests.txt">
      <Filter>Equipment</Filter>
    </Text>
    <Text Include="Equipment\Gloves.txt">
      <Filter>Equipment</Filter>
    </Text>
    <Text Include="Equipment\Helmets.txt">
      <Filter>Equipment</Filter>
    </Text>
    <Text Include="Equipment\Weapons.txt">
      <Filter>Equipment</Filter>
    </Text>
    <Text Include="Consumables\Bandages.txt">
      <Filter>Consumables</Filter>
    </Text>
    <Text Include="Consumables\Bomb.txt">
      <Filter>Consumables</Filter>
    </Text>
    <Text Include="Consumables\Grenade.txt">
      <Filter>Consumables</Filter>
    </Text>
    <Text Include="Consumables\Kit.txt">
      <Filter>Consumables</Filter>
    </Text>
    <Text Include="Consumables\Potion.txt">
      <Filter>Consumables</Filter>
    </Text>
    <Text Include="Consumables\Revive.txt">
      <Filter>Consumables</Filter>
    </Text>
    <Text Include="Units.txt">
      <Filter>SaveFiles</Filter>
    </Text>
    <Text Include="Equipment.txt">
      <Filter>SaveFiles</Filter>
    </Text>
    <Text Include="Eve.txt">
      <Filter>SaveFiles</Filter>
    </Text>
    <Text Include="Inventory.txt">
      <Filter>SaveFiles</Filter>
    </Text>
    <Text Include="Save.txt">
      <Filter>SaveFiles</Filter>
    </Text>
  </ItemGroup>
</Project>